
Microsoft Visual Studio Solution File, Format Version 12.00
Project("{FAE04EC0-301F-11D3-BF4B-00C04F79EFBC}") = "RealtimeChatServer", "RealtimeChatServer\RealtimeChatServer.csproj", "{183F7BBC-C16C-41D6-8985-4F369F376F07}"
EndProject
Project("{FAE04EC0-301F-11D3-BF4B-00C04F79EFBC}") = "Entities", "Entities\Entities.csproj", "{F4C0BB22-5CB5-43C8-8E16-9AC33FFB3995}"
EndProject
Global
	GlobalSection(SolutionConfigurationPlatforms) = preSolution
		Debug|Any CPU = Debug|Any CPU
		Release|Any CPU = Release|Any CPU
	EndGlobalSection
	GlobalSection(ProjectConfigurationPlatforms) = postSolution
		{183F7BBC-C16C-41D6-8985-4F369F376F07}.Debug|Any CPU.ActiveCfg = Debug|Any CPU
		{183F7BBC-C16C-41D6-8985-4F369F376F07}.Debug|Any CPU.Build.0 = Debug|Any CPU
		{183F7BBC-C16C-41D6-8985-4F369F376F07}.Release|Any CPU.ActiveCfg = Release|Any CPU
		{183F7BBC-C16C-41D6-8985-4F369F376F07}.Release|Any CPU.Build.0 = Release|Any CPU
		{F4C0BB22-5CB5-43C8-8E16-9AC33FFB3995}.Debug|Any CPU.ActiveCfg = Debug|Any CPU
		{F4C0BB22-5CB5-43C8-8E16-9AC33FFB3995}.Debug|Any CPU.Build.0 = Debug|Any CPU
		{F4C0BB22-5CB5-43C8-8E16-9AC33FFB3995}.Release|Any CPU.ActiveCfg = Release|Any CPU
		{F4C0BB22-5CB5-43C8-8E16-9AC33FFB3995}.Release|Any CPU.Build.0 = Release|Any CPU
	EndGlobalSection
EndGlobal
